{
  "version": 4,
  "terraform_version": "1.6.6",
  "serial": 8,
  "lineage": "eaccde62-d8ac-4070-adda-61f4a9abe334",
  "outputs": {},
  "resources": [
    {
      "mode": "managed",
      "type": "azurerm_resource_group",
      "name": "example",
      "provider": "provider[\"registry.terraform.io/hashicorp/azurerm\"]",
      "instances": [
        {
          "schema_version": 0,
          "attributes": {
            "id": "/subscriptions/2fc0173e-cada-4000-82db-566c79d396db/resourceGroups/Ressource_Group_Levent",
            "location": "westeurope",
            "managed_by": "",
            "name": "Ressource_Group_Levent",
            "tags": {
              "Author": "",
              "Purpose": ""
            },
            "timeouts": null
          },
          "sensitive_attributes": [],
          "private": "eyJlMmJmYjczMC1lY2FhLTExZTYtOGY4OC0zNDM2M2JjN2M0YzAiOnsiY3JlYXRlIjo1NDAwMDAwMDAwMDAwLCJkZWxldGUiOjU0MDAwMDAwMDAwMDAsInJlYWQiOjMwMDAwMDAwMDAwMCwidXBkYXRlIjo1NDAwMDAwMDAwMDAwfX0="
        }
      ]
    }
  ],
  "check_results": null
}
